// !$*UTF8*$!
{
	archiveVersion = 1;
	classes = {
	};
	objectVersion = 51;
	objects = {

/* Begin PBXBuildFile section */
		5671D766E04FDD77E0450164 /* Pods_SUPRA_GUI.framework in Frameworks */ = {isa = PBXBuildFile; fileRef = 8EFE0F1A60F2A6A464FD5946 /* Pods_SUPRA_GUI.framework */; };
		E10952D422C93250006F65B9 /* UIConfig.swift in Sources */ = {isa = PBXBuildFile; fileRef = E10952D322C93250006F65B9 /* UIConfig.swift */; };
		E10952D922C993E2006F65B9 /* Reducers.swift in Sources */ = {isa = PBXBuildFile; fileRef = E10952D822C993E2006F65B9 /* Reducers.swift */; };
		E1AB7CE422CB92BE0073E8EC /* Actions.swift in Sources */ = {isa = PBXBuildFile; fileRef = E1AB7CE322CB92BE0073E8EC /* Actions.swift */; };
		E1AB7CE622CB95B90073E8EC /* Store.swift in Sources */ = {isa = PBXBuildFile; fileRef = E1AB7CE522CB95B90073E8EC /* Store.swift */; };
		E1AB7CE822CBD6F00073E8EC /* SupraConnectionController.swift in Sources */ = {isa = PBXBuildFile; fileRef = E1AB7CE722CBD6F00073E8EC /* SupraConnectionController.swift */; };
		E1C3BE1422CE8E12008552C7 /* Model.swift in Sources */ = {isa = PBXBuildFile; fileRef = E1C3BE1322CE8E12008552C7 /* Model.swift */; };
		E1C3BE1622CF7E64008552C7 /* MasterViewController.swift in Sources */ = {isa = PBXBuildFile; fileRef = E1C3BE1522CF7E64008552C7 /* MasterViewController.swift */; };
		E1C3BE1A22CF8148008552C7 /* DetailViewController.swift in Sources */ = {isa = PBXBuildFile; fileRef = E1C3BE1922CF8148008552C7 /* DetailViewController.swift */; };
		E1CE886222C586410030F222 /* AppDelegate.swift in Sources */ = {isa = PBXBuildFile; fileRef = E1CE886122C586410030F222 /* AppDelegate.swift */; };
		E1CE886422C586410030F222 /* ViewController.swift in Sources */ = {isa = PBXBuildFile; fileRef = E1CE886322C586410030F222 /* ViewController.swift */; };
		E1CE886722C586410030F222 /* Main.storyboard in Resources */ = {isa = PBXBuildFile; fileRef = E1CE886522C586410030F222 /* Main.storyboard */; };
		E1CE886922C586420030F222 /* Assets.xcassets in Resources */ = {isa = PBXBuildFile; fileRef = E1CE886822C586420030F222 /* Assets.xcassets */; };
		E1CE886C22C586420030F222 /* LaunchScreen.storyboard in Resources */ = {isa = PBXBuildFile; fileRef = E1CE886A22C586420030F222 /* LaunchScreen.storyboard */; };
/* End PBXBuildFile section */

/* Begin PBXFileReference section */
		1BAE27080EBCA626F4564478 /* Pods-SUPRA-GUI.debug.xcconfig */ = {isa = PBXFileReference; includeInIndex = 1; lastKnownFileType = text.xcconfig; name = "Pods-SUPRA-GUI.debug.xcconfig"; path = "Target Support Files/Pods-SUPRA-GUI/Pods-SUPRA-GUI.debug.xcconfig"; sourceTree = "<group>"; };
		70A37E136DFEF34B73817405 /* Pods-SUPRA-GUI.release.xcconfig */ = {isa = PBXFileReference; includeInIndex = 1; lastKnownFileType = text.xcconfig; name = "Pods-SUPRA-GUI.release.xcconfig"; path = "Target Support Files/Pods-SUPRA-GUI/Pods-SUPRA-GUI.release.xcconfig"; sourceTree = "<group>"; };
		8EFE0F1A60F2A6A464FD5946 /* Pods_SUPRA_GUI.framework */ = {isa = PBXFileReference; explicitFileType = wrapper.framework; includeInIndex = 0; path = Pods_SUPRA_GUI.framework; sourceTree = BUILT_PRODUCTS_DIR; };
		E10952D322C93250006F65B9 /* UIConfig.swift */ = {isa = PBXFileReference; lastKnownFileType = sourcecode.swift; path = UIConfig.swift; sourceTree = "<group>"; };
		E10952D822C993E2006F65B9 /* Reducers.swift */ = {isa = PBXFileReference; lastKnownFileType = sourcecode.swift; name = Reducers.swift; path = "/Users/amirnourinia/Developer/iOS/SUPRA-GUI/SUPRA-GUI/Redux Files/Reducers.swift"; sourceTree = "<absolute>"; };
		E1AB7CE322CB92BE0073E8EC /* Actions.swift */ = {isa = PBXFileReference; lastKnownFileType = sourcecode.swift; path = Actions.swift; sourceTree = "<group>"; };
		E1AB7CE522CB95B90073E8EC /* Store.swift */ = {isa = PBXFileReference; lastKnownFileType = sourcecode.swift; path = Store.swift; sourceTree = "<group>"; };
		E1AB7CE722CBD6F00073E8EC /* SupraConnectionController.swift */ = {isa = PBXFileReference; lastKnownFileType = sourcecode.swift; path = SupraConnectionController.swift; sourceTree = "<group>"; };
		E1C3BE1322CE8E12008552C7 /* Model.swift */ = {isa = PBXFileReference; lastKnownFileType = sourcecode.swift; path = Model.swift; sourceTree = "<group>"; };
		E1C3BE1522CF7E64008552C7 /* MasterViewController.swift */ = {isa = PBXFileReference; lastKnownFileType = sourcecode.swift; path = MasterViewController.swift; sourceTree = "<group>"; };
		E1C3BE1922CF8148008552C7 /* DetailViewController.swift */ = {isa = PBXFileReference; lastKnownFileType = sourcecode.swift; path = DetailViewController.swift; sourceTree = "<group>"; };
		E1CE885E22C586410030F222 /* SUPRA-GUI.app */ = {isa = PBXFileReference; explicitFileType = wrapper.application; includeInIndex = 0; path = "SUPRA-GUI.app"; sourceTree = BUILT_PRODUCTS_DIR; };
		E1CE886122C586410030F222 /* AppDelegate.swift */ = {isa = PBXFileReference; lastKnownFileType = sourcecode.swift; path = AppDelegate.swift; sourceTree = "<group>"; };
		E1CE886322C586410030F222 /* ViewController.swift */ = {isa = PBXFileReference; lastKnownFileType = sourcecode.swift; path = ViewController.swift; sourceTree = "<group>"; };
		E1CE886622C586410030F222 /* Base */ = {isa = PBXFileReference; lastKnownFileType = file.storyboard; name = Base; path = Base.lproj/Main.storyboard; sourceTree = "<group>"; };
		E1CE886822C586420030F222 /* Assets.xcassets */ = {isa = PBXFileReference; lastKnownFileType = folder.assetcatalog; path = Assets.xcassets; sourceTree = "<group>"; };
		E1CE886B22C586420030F222 /* Base */ = {isa = PBXFileReference; lastKnownFileType = file.storyboard; name = Base; path = Base.lproj/LaunchScreen.storyboard; sourceTree = "<group>"; };
		E1CE886D22C586420030F222 /* Info.plist */ = {isa = PBXFileReference; lastKnownFileType = text.plist.xml; path = Info.plist; sourceTree = "<group>"; };
/* End PBXFileReference section */

/* Begin PBXFrameworksBuildPhase section */
		E1CE885B22C586410030F222 /* Frameworks */ = {
			isa = PBXFrameworksBuildPhase;
			buildActionMask = 2147483647;
			files = (
				5671D766E04FDD77E0450164 /* Pods_SUPRA_GUI.framework in Frameworks */,
			);
			runOnlyForDeploymentPostprocessing = 0;
		};
/* End PBXFrameworksBuildPhase section */

/* Begin PBXGroup section */
		5E37D7B034379FF2D50CB79E /* Frameworks */ = {
			isa = PBXGroup;
			children = (
				8EFE0F1A60F2A6A464FD5946 /* Pods_SUPRA_GUI.framework */,
			);
			name = Frameworks;
			sourceTree = "<group>";
		};
		E10952D722C932DC006F65B9 /* Redux Files */ = {
			isa = PBXGroup;
			children = (
				E1C3BE1322CE8E12008552C7 /* Model.swift */,
				E10952D822C993E2006F65B9 /* Reducers.swift */,
				E1AB7CE322CB92BE0073E8EC /* Actions.swift */,
				E1AB7CE522CB95B90073E8EC /* Store.swift */,
			);
			path = "Redux Files";
			sourceTree = "<group>";
		};
		E1C3BE1722CF7E83008552C7 /* Views */ = {
			isa = PBXGroup;
			children = (
				E1C3BE1522CF7E64008552C7 /* MasterViewController.swift */,
				E1CE886322C586410030F222 /* ViewController.swift */,
				E1C3BE1922CF8148008552C7 /* DetailViewController.swift */,
			);
			path = Views;
			sourceTree = "<group>";
		};
		E1C3BE1822CF7ED0008552C7 /* Lib */ = {
			isa = PBXGroup;
			children = (
				E1AB7CE722CBD6F00073E8EC /* SupraConnectionController.swift */,
			);
			path = Lib;
			sourceTree = "<group>";
		};
		E1CE885522C586410030F222 = {
			isa = PBXGroup;
			children = (
				E1CE886022C586410030F222 /* SUPRA-GUI */,
				E1CE885F22C586410030F222 /* Products */,
				F336C4BEEBE97E25BCB37FB8 /* Pods */,
				5E37D7B034379FF2D50CB79E /* Frameworks */,
			);
			sourceTree = "<group>";
		};
		E1CE885F22C586410030F222 /* Products */ = {
			isa = PBXGroup;
			children = (
				E1CE885E22C586410030F222 /* SUPRA-GUI.app */,
			);
			name = Products;
			sourceTree = "<group>";
		};
		E1CE886022C586410030F222 /* SUPRA-GUI */ = {
			isa = PBXGroup;
			children = (
				E1CE887322C5866C0030F222 /* Supporting Files */,
				E1C3BE1722CF7E83008552C7 /* Views */,
				E1C3BE1822CF7ED0008552C7 /* Lib */,
				E10952D722C932DC006F65B9 /* Redux Files */,
				E1CE886522C586410030F222 /* Main.storyboard */,
				E1CE886D22C586420030F222 /* Info.plist */,
			);
			path = "SUPRA-GUI";
			sourceTree = "<group>";
		};
		E1CE887322C5866C0030F222 /* Supporting Files */ = {
			isa = PBXGroup;
			children = (
				E10952D322C93250006F65B9 /* UIConfig.swift */,
				E1CE886122C586410030F222 /* AppDelegate.swift */,
				E1CE886822C586420030F222 /* Assets.xcassets */,
				E1CE886A22C586420030F222 /* LaunchScreen.storyboard */,
			);
			path = "Supporting Files";
			sourceTree = "<group>";
		};
		F336C4BEEBE97E25BCB37FB8 /* Pods */ = {
			isa = PBXGroup;
			children = (
				1BAE27080EBCA626F4564478 /* Pods-SUPRA-GUI.debug.xcconfig */,
				70A37E136DFEF34B73817405 /* Pods-SUPRA-GUI.release.xcconfig */,
			);
			path = Pods;
			sourceTree = "<group>";
		};
/* End PBXGroup section */

/* Begin PBXNativeTarget section */
		E1CE885D22C586410030F222 /* SUPRA-GUI */ = {
			isa = PBXNativeTarget;
			buildConfigurationList = E1CE887022C586420030F222 /* Build configuration list for PBXNativeTarget "SUPRA-GUI" */;
			buildPhases = (
				8D44880F79E79E6F494916B8 /* [CP] Check Pods Manifest.lock */,
				E1CE885A22C586410030F222 /* Sources */,
				E1CE885B22C586410030F222 /* Frameworks */,
				E1CE885C22C586410030F222 /* Resources */,
				572755EF4644C8B66815354D /* [CP] Embed Pods Frameworks */,
			);
			buildRules = (
			);
			dependencies = (
			);
			name = "SUPRA-GUI";
			productName = "SUPRA-GUI";
			productReference = E1CE885E22C586410030F222 /* SUPRA-GUI.app */;
			productType = "com.apple.product-type.application";
		};
/* End PBXNativeTarget section */

/* Begin PBXProject section */
		E1CE885622C586410030F222 /* Project object */ = {
			isa = PBXProject;
			attributes = {
				LastSwiftUpdateCheck = 1020;
				LastUpgradeCheck = 1020;
				ORGANIZATIONNAME = "Amir Nourinia";
				TargetAttributes = {
					E1CE885D22C586410030F222 = {
						CreatedOnToolsVersion = 10.2.1;
					};
				};
			};
			buildConfigurationList = E1CE885922C586410030F222 /* Build configuration list for PBXProject "SUPRA-GUI" */;
			compatibilityVersion = "Xcode 9.3";
			developmentRegion = en;
			hasScannedForEncodings = 0;
			knownRegions = (
				en,
				Base,
			);
			mainGroup = E1CE885522C586410030F222;
			productRefGroup = E1CE885F22C586410030F222 /* Products */;
			projectDirPath = "";
			projectRoot = "";
			targets = (
				E1CE885D22C586410030F222 /* SUPRA-GUI */,
			);
		};
/* End PBXProject section */

/* Begin PBXResourcesBuildPhase section */
		E1CE885C22C586410030F222 /* Resources */ = {
			isa = PBXResourcesBuildPhase;
			buildActionMask = 2147483647;
			files = (
				E1CE886C22C586420030F222 /* LaunchScreen.storyboard in Resources */,
				E1CE886922C586420030F222 /* Assets.xcassets in Resources */,
				E1CE886722C586410030F222 /* Main.storyboard in Resources */,
			);
			runOnlyForDeploymentPostprocessing = 0;
		};
/* End PBXResourcesBuildPhase section */

/* Begin PBXShellScriptBuildPhase section */
		572755EF4644C8B66815354D /* [CP] Embed Pods Frameworks */ = {
			isa = PBXShellScriptBuildPhase;
			buildActionMask = 2147483647;
			files = (
			);
			inputFileListPaths = (
				"${PODS_ROOT}/Target Support Files/Pods-SUPRA-GUI/Pods-SUPRA-GUI-frameworks-${CONFIGURATION}-input-files.xcfilelist",
			);
			name = "[CP] Embed Pods Frameworks";
			outputFileListPaths = (
				"${PODS_ROOT}/Target Support Files/Pods-SUPRA-GUI/Pods-SUPRA-GUI-frameworks-${CONFIGURATION}-output-files.xcfilelist",
			);
			runOnlyForDeploymentPostprocessing = 0;
			shellPath = /bin/sh;
			shellScript = "\"${PODS_ROOT}/Target Support Files/Pods-SUPRA-GUI/Pods-SUPRA-GUI-frameworks.sh\"\n";
			showEnvVarsInLog = 0;
		};
		8D44880F79E79E6F494916B8 /* [CP] Check Pods Manifest.lock */ = {
			isa = PBXShellScriptBuildPhase;
			buildActionMask = 2147483647;
			files = (
			);
			inputFileListPaths = (
			);
			inputPaths = (
				"${PODS_PODFILE_DIR_PATH}/Podfile.lock",
				"${PODS_ROOT}/Manifest.lock",
			);
			name = "[CP] Check Pods Manifest.lock";
			outputFileListPaths = (
			);
			outputPaths = (
				"$(DERIVED_FILE_DIR)/Pods-SUPRA-GUI-checkManifestLockResult.txt",
			);
			runOnlyForDeploymentPostprocessing = 0;
			shellPath = /bin/sh;
			shellScript = "diff \"${PODS_PODFILE_DIR_PATH}/Podfile.lock\" \"${PODS_ROOT}/Manifest.lock\" > /dev/null\nif [ $? != 0 ] ; then\n    # print error to STDERR\n    echo \"error: The sandbox is not in sync with the Podfile.lock. Run 'pod install' or update your CocoaPods installation.\" >&2\n    exit 1\nfi\n# This output is used by Xcode 'outputs' to avoid re-running this script phase.\necho \"SUCCESS\" > \"${SCRIPT_OUTPUT_FILE_0}\"\n";
			showEnvVarsInLog = 0;
		};
/* End PBXShellScriptBuildPhase section */

/* Begin PBXSourcesBuildPhase section */
		E1CE885A22C586410030F222 /* Sources */ = {
			isa = PBXSourcesBuildPhase;
			buildActionMask = 2147483647;
			files = (
				E1AB7CE422CB92BE0073E8EC /* Actions.swift in Sources */,
				E1CE886422C586410030F222 /* ViewController.swift in Sources */,
				E1CE886222C586410030F222 /* AppDelegate.swift in Sources */,
				E1C3BE1422CE8E12008552C7 /* Model.swift in Sources */,
				E1AB7CE622CB95B90073E8EC /* Store.swift in Sources */,
				E1C3BE1622CF7E64008552C7 /* MasterViewController.swift in Sources */,
				E1AB7CE822CBD6F00073E8EC /* SupraConnectionController.swift in Sources */,
				E1C3BE1A22CF8148008552C7 /* DetailViewController.swift in Sources */,
				E10952D922C993E2006F65B9 /* Reducers.swift in Sources */,
				E10952D422C93250006F65B9 /* UIConfig.swift in Sources */,
			);
			runOnlyForDeploymentPostprocessing = 0;
		};
/* End PBXSourcesBuildPhase section */

/* Begin PBXVariantGroup section */
		E1CE886522C586410030F222 /* Main.storyboard */ = {
			isa = PBXVariantGroup;
			children = (
				E1CE886622C586410030F222 /* Base */,
			);
			name = Main.storyboard;
			sourceTree = "<group>";
		};
		E1CE886A22C586420030F222 /* LaunchScreen.storyboard */ = {
			isa = PBXVariantGroup;
			children = (
				E1CE886B22C586420030F222 /* Base */,
			);
			name = LaunchScreen.storyboard;
			sourceTree = "<group>";
		};
/* End PBXVariantGroup section */

/* Begin XCBuildConfiguration section */
		E1CE886E22C586420030F222 /* Debug */ = {
			isa = XCBuildConfiguration;
			buildSettings = {
				ALWAYS_SEARCH_USER_PATHS = NO;
				CLANG_ANALYZER_NONNULL = YES;
				CLANG_ANALYZER_NUMBER_OBJECT_CONVERSION = YES_AGGRESSIVE;
				CLANG_CXX_LANGUAGE_STANDARD = "gnu++14";
				CLANG_CXX_LIBRARY = "libc++";
				CLANG_ENABLE_MODULES = YES;
				CLANG_ENABLE_OBJC_ARC = YES;
				CLANG_ENABLE_OBJC_WEAK = YES;
				CLANG_WARN_BLOCK_CAPTURE_AUTORELEASING = YES;
				CLANG_WARN_BOOL_CONVERSION = YES;
				CLANG_WARN_COMMA = YES;
				CLANG_WARN_CONSTANT_CONVERSION = YES;
				CLANG_WARN_DEPRECATED_OBJC_IMPLEMENTATIONS = YES;
				CLANG_WARN_DIRECT_OBJC_ISA_USAGE = YES_ERROR;
				CLANG_WARN_DOCUMENTATION_COMMENTS = YES;
				CLANG_WARN_EMPTY_BODY = YES;
				CLANG_WARN_ENUM_CONVERSION = YES;
				CLANG_WARN_INFINITE_RECURSION = YES;
				CLANG_WARN_INT_CONVERSION = YES;
				CLANG_WARN_NON_LITERAL_NULL_CONVERSION = YES;
				CLANG_WARN_OBJC_IMPLICIT_RETAIN_SELF = YES;
				CLANG_WARN_OBJC_LITERAL_CONVERSION = YES;
				CLANG_WARN_OBJC_ROOT_CLASS = YES_ERROR;
				CLANG_WARN_RANGE_LOOP_ANALYSIS = YES;
				CLANG_WARN_STRICT_PROTOTYPES = YES;
				CLANG_WARN_SUSPICIOUS_MOVE = YES;
				CLANG_WARN_UNGUARDED_AVAILABILITY = YES_AGGRESSIVE;
				CLANG_WARN_UNREACHABLE_CODE = YES;
				CLANG_WARN__DUPLICATE_METHOD_MATCH = YES;
				CODE_SIGN_IDENTITY = "iPhone Developer";
				COPY_PHASE_STRIP = NO;
				DEBUG_INFORMATION_FORMAT = dwarf;
				ENABLE_STRICT_OBJC_MSGSEND = YES;
				ENABLE_TESTABILITY = YES;
				GCC_C_LANGUAGE_STANDARD = gnu11;
				GCC_DYNAMIC_NO_PIC = NO;
				GCC_NO_COMMON_BLOCKS = YES;
				GCC_OPTIMIZATION_LEVEL = 0;
				GCC_PREPROCESSOR_DEFINITIONS = (
					"DEBUG=1",
					"$(inherited)",
				);
				GCC_WARN_64_TO_32_BIT_CONVERSION = YES;
				GCC_WARN_ABOUT_RETURN_TYPE = YES_ERROR;
				GCC_WARN_UNDECLARED_SELECTOR = YES;
				GCC_WARN_UNINITIALIZED_AUTOS = YES_AGGRESSIVE;
				GCC_WARN_UNUSED_FUNCTION = YES;
				GCC_WARN_UNUSED_VARIABLE = YES;
				IPHONEOS_DEPLOYMENT_TARGET = 12.2;
				MTL_ENABLE_DEBUG_INFO = INCLUDE_SOURCE;
				MTL_FAST_MATH = YES;
				ONLY_ACTIVE_ARCH = YES;
				SDKROOT = iphoneos;
				SWIFT_ACTIVE_COMPILATION_CONDITIONS = DEBUG;
				SWIFT_OPTIMIZATION_LEVEL = "-Onone";
			};
			name = Debug;
		};
		E1CE886F22C586420030F222 /* Release */ = {
			isa = XCBuildConfiguration;
			buildSettings = {
				ALWAYS_SEARCH_USER_PATHS = NO;
				CLANG_ANALYZER_NONNULL = YES;
				CLANG_ANALYZER_NUMBER_OBJECT_CONVERSION = YES_AGGRESSIVE;
				CLANG_CXX_LANGUAGE_STANDARD = "gnu++14";
				CLANG_CXX_LIBRARY = "libc++";
				CLANG_ENABLE_MODULES = YES;
				CLANG_ENABLE_OBJC_ARC = YES;
				CLANG_ENABLE_OBJC_WEAK = YES;
				CLANG_WARN_BLOCK_CAPTURE_AUTORELEASING = YES;
				CLANG_WARN_BOOL_CONVERSION = YES;
				CLANG_WARN_COMMA = YES;
				CLANG_WARN_CONSTANT_CONVERSION = YES;
				CLANG_WARN_DEPRECATED_OBJC_IMPLEMENTATIONS = YES;
				CLANG_WARN_DIRECT_OBJC_ISA_USAGE = YES_ERROR;
				CLANG_WARN_DOCUMENTATION_COMMENTS = YES;
				CLANG_WARN_EMPTY_BODY = YES;
				CLANG_WARN_ENUM_CONVERSION = YES;
				CLANG_WARN_INFINITE_RECURSION = YES;
				CLANG_WARN_INT_CONVERSION = YES;
				CLANG_WARN_NON_LITERAL_NULL_CONVERSION = YES;
				CLANG_WARN_OBJC_IMPLICIT_RETAIN_SELF = YES;
				CLANG_WARN_OBJC_LITERAL_CONVERSION = YES;
				CLANG_WARN_OBJC_ROOT_CLASS = YES_ERROR;
				CLANG_WARN_RANGE_LOOP_ANALYSIS = YES;
				CLANG_WARN_STRICT_PROTOTYPES = YES;
				CLANG_WARN_SUSPICIOUS_MOVE = YES;
				CLANG_WARN_UNGUARDED_AVAILABILITY = YES_AGGRESSIVE;
				CLANG_WARN_UNREACHABLE_CODE = YES;
				CLANG_WARN__DUPLICATE_METHOD_MATCH = YES;
				CODE_SIGN_IDENTITY = "iPhone Developer";
				COPY_PHASE_STRIP = NO;
				DEBUG_INFORMATION_FORMAT = "dwarf-with-dsym";
				ENABLE_NS_ASSERTIONS = NO;
				ENABLE_STRICT_OBJC_MSGSEND = YES;
				GCC_C_LANGUAGE_STANDARD = gnu11;
				GCC_NO_COMMON_BLOCKS = YES;
				GCC_WARN_64_TO_32_BIT_CONVERSION = YES;
				GCC_WARN_ABOUT_RETURN_TYPE = YES_ERROR;
				GCC_WARN_UNDECLARED_SELECTOR = YES;
				GCC_WARN_UNINITIALIZED_AUTOS = YES_AGGRESSIVE;
				GCC_WARN_UNUSED_FUNCTION = YES;
				GCC_WARN_UNUSED_VARIABLE = YES;
				IPHONEOS_DEPLOYMENT_TARGET = 12.2;
				MTL_ENABLE_DEBUG_INFO = NO;
				MTL_FAST_MATH = YES;
				SDKROOT = iphoneos;
				SWIFT_COMPILATION_MODE = wholemodule;
				SWIFT_OPTIMIZATION_LEVEL = "-O";
				VALIDATE_PRODUCT = YES;
			};
			name = Release;
		};
		E1CE887122C586420030F222 /* Debug */ = {
			isa = XCBuildConfiguration;
			baseConfigurationReference = 1BAE27080EBCA626F4564478 /* Pods-SUPRA-GUI.debug.xcconfig */;
			buildSettings = {
				ASSETCATALOG_COMPILER_APPICON_NAME = AppIcon;
				CODE_SIGN_STYLE = Automatic;
				DEVELOPMENT_TEAM = BRES2X8F74;
				INFOPLIST_FILE = "SUPRA-GUI/Info.plist";
				LD_RUNPATH_SEARCH_PATHS = (
					"$(inherited)",
					"@executable_path/Frameworks",
				);
				PRODUCT_BUNDLE_IDENTIFIER = "com.amirnourinia.SUPRA-GUI";
				PRODUCT_NAME = "$(TARGET_NAME)";
				SWIFT_VERSION = 5.0;
				TARGETED_DEVICE_FAMILY = "1,2";
			};
			name = Debug;
		};
		E1CE887222C586420030F222 /* Release */ = {
			isa = XCBuildConfiguration;
			baseConfigurationReference = 70A37E136DFEF34B73817405 /* Pods-SUPRA-GUI.release.xcconfig */;
			buildSettings = {
				ASSETCATALOG_COMPILER_APPICON_NAME = AppIcon;
				CODE_SIGN_STYLE = Automatic;
				DEVELOPMENT_TEAM = BRES2X8F74;
				INFOPLIST_FILE = "SUPRA-GUI/Info.plist";
				LD_RUNPATH_SEARCH_PATHS = (
					"$(inherited)",
					"@executable_path/Frameworks",
				);
				PRODUCT_BUNDLE_IDENTIFIER = "com.amirnourinia.SUPRA-GUI";
				PRODUCT_NAME = "$(TARGET_NAME)";
				SWIFT_VERSION = 5.0;
				TARGETED_DEVICE_FAMILY = "1,2";
			};
			name = Release;
		};
/* End XCBuildConfiguration section */

/* Begin XCConfigurationList section */
		E1CE885922C586410030F222 /* Build configuration list for PBXProject "SUPRA-GUI" */ = {
			isa = XCConfigurationList;
			buildConfigurations = (
				E1CE886E22C586420030F222 /* Debug */,
				E1CE886F22C586420030F222 /* Release */,
			);
			defaultConfigurationIsVisible = 0;
			defaultConfigurationName = Release;
		};
		E1CE887022C586420030F222 /* Build configuration list for PBXNativeTarget "SUPRA-GUI" */ = {
			isa = XCConfigurationList;
			buildConfigurations = (
				E1CE887122C586420030F222 /* Debug */,
				E1CE887222C586420030F222 /* Release */,
			);
			defaultConfigurationIsVisible = 0;
			defaultConfigurationName = Release;
		};
/* End XCConfigurationList section */
	};
	rootObject = E1CE885622C586410030F222 /* Project object */;
}
